
Microsoft Visual Studio Solution File, Format Version 12.00
# Visual Studio Version 16
VisualStudioVersion = 16.0.34407.143
MinimumVisualStudioVersion = 10.0.40219.1
Project("{FAE04EC0-301F-11D3-BF4B-00C04F79EFBC}") = "MVCCityEF", "MVCCityEF\MVCCityEF.csproj", "{1CE76EA8-6E4D-46A8-9764-02B9FC8683FF}"
EndProject
Global
	GlobalSection(SolutionConfigurationPlatforms) = preSolution
		Debug|Any CPU = Debug|Any CPU
		Release|Any CPU = Release|Any CPU
	EndGlobalSection
	GlobalSection(ProjectConfigurationPlatforms) = postSolution
		{1CE76EA8-6E4D-46A8-9764-02B9FC8683FF}.Debug|Any CPU.ActiveCfg = Debug|Any CPU
		{1CE76EA8-6E4D-46A8-9764-02B9FC8683FF}.Debug|Any CPU.Build.0 = Debug|Any CPU
		{1CE76EA8-6E4D-46A8-9764-02B9FC8683FF}.Release|Any CPU.ActiveCfg = Release|Any CPU
		{1CE76EA8-6E4D-46A8-9764-02B9FC8683FF}.Release|Any CPU.Build.0 = Release|Any CPU
	EndGlobalSection
	GlobalSection(SolutionProperties) = preSolution
		HideSolutionNode = FALSE
	EndGlobalSection
	GlobalSection(ExtensibilityGlobals) = postSolution
		SolutionGuid = {445503B1-4C99-45E7-9DCF-0106AAFFA2ED}
	EndGlobalSection
EndGlobal
